
Microsoft Visual Studio Solution File, Format Version 12.00
# Visual Studio Version 16
VisualStudioVersion = 16.0.30717.126
MinimumVisualStudioVersion = 10.0.40219.1
Project("{8BC9CEB8-8B4A-11D0-8D11-00A0C91BC942}") = "CelsiusToFahrenheit", "CelsiusToFahrenheit\CelsiusToFahrenheit.vcxproj", "{193D855E-CA86-4091-ACCD-34B4146C5734}"
EndProject
Project("{8BC9CEB8-8B4A-11D0-8D11-00A0C91BC942}") = "LoopSort", "LoopSort\LoopSort.vcxproj", "{F7C13F2E-042C-4F9D-A337-13284852637F}"
EndProject
Project("{8BC9CEB8-8B4A-11D0-8D11-00A0C91BC942}") = "SeriesSin", "SeriesSin\SeriesSin.vcxproj", "{48E1A0D1-B88B-4DA2-AA0B-4946673B1E40}"
EndProject
Project("{8BC9CEB8-8B4A-11D0-8D11-00A0C91BC942}") = "RCcircuitResponse", "RCcircuitResponse\RCcircuitResponse.vcxproj", "{4ADE8377-D628-4A59-8326-1DED4F1CB23E}"
EndProject
Project("{8BC9CEB8-8B4A-11D0-8D11-00A0C91BC942}") = "LoopSortModular", "LoopSortModular\LoopSortModular.vcxproj", "{DF9880D0-F0FC-4BBD-A73B-267E24A47456}"
EndProject
Project("{8BC9CEB8-8B4A-11D0-8D11-00A0C91BC942}") = "BitMerge", "BitMerge\BitMerge.vcxproj", "{0239DC0C-4529-4E95-99DA-098AC6ADA1FE}"
EndProject
Project("{8BC9CEB8-8B4A-11D0-8D11-00A0C91BC942}") = "ParityCheck", "ParityCheck\ParityCheck.vcxproj", "{66957775-541F-458E-AFF1-C0343DC95EA5}"
EndProject
Global
	GlobalSection(SolutionConfigurationPlatforms) = preSolution
		Debug|x64 = Debug|x64
		Debug|x86 = Debug|x86
		Release|x64 = Release|x64
		Release|x86 = Release|x86
	EndGlobalSection
	GlobalSection(ProjectConfigurationPlatforms) = postSolution
		{193D855E-CA86-4091-ACCD-34B4146C5734}.Debug|x64.ActiveCfg = Debug|x64
		{193D855E-CA86-4091-ACCD-34B4146C5734}.Debug|x64.Build.0 = Debug|x64
		{193D855E-CA86-4091-ACCD-34B4146C5734}.Debug|x86.ActiveCfg = Debug|Win32
		{193D855E-CA86-4091-ACCD-34B4146C5734}.Debug|x86.Build.0 = Debug|Win32
		{193D855E-CA86-4091-ACCD-34B4146C5734}.Release|x64.ActiveCfg = Release|x64
		{193D855E-CA86-4091-ACCD-34B4146C5734}.Release|x64.Build.0 = Release|x64
		{193D855E-CA86-4091-ACCD-34B4146C5734}.Release|x86.ActiveCfg = Release|Win32
		{193D855E-CA86-4091-ACCD-34B4146C5734}.Release|x86.Build.0 = Release|Win32
		{F7C13F2E-042C-4F9D-A337-13284852637F}.Debug|x64.ActiveCfg = Debug|x64
		{F7C13F2E-042C-4F9D-A337-13284852637F}.Debug|x64.Build.0 = Debug|x64
		{F7C13F2E-042C-4F9D-A337-13284852637F}.Debug|x86.ActiveCfg = Debug|Win32
		{F7C13F2E-042C-4F9D-A337-13284852637F}.Debug|x86.Build.0 = Debug|Win32
		{F7C13F2E-042C-4F9D-A337-13284852637F}.Release|x64.ActiveCfg = Release|x64
		{F7C13F2E-042C-4F9D-A337-13284852637F}.Release|x64.Build.0 = Release|x64
		{F7C13F2E-042C-4F9D-A337-13284852637F}.Release|x86.ActiveCfg = Release|Win32
		{F7C13F2E-042C-4F9D-A337-13284852637F}.Release|x86.Build.0 = Release|Win32
		{48E1A0D1-B88B-4DA2-AA0B-4946673B1E40}.Debug|x64.ActiveCfg = Debug|x64
		{48E1A0D1-B88B-4DA2-AA0B-4946673B1E40}.Debug|x64.Build.0 = Debug|x64
		{48E1A0D1-B88B-4DA2-AA0B-4946673B1E40}.Debug|x86.ActiveCfg = Debug|Win32
		{48E1A0D1-B88B-4DA2-AA0B-4946673B1E40}.Debug|x86.Build.0 = Debug|Win32
		{48E1A0D1-B88B-4DA2-AA0B-4946673B1E40}.Release|x64.ActiveCfg = Release|x64
		{48E1A0D1-B88B-4DA2-AA0B-4946673B1E40}.Release|x64.Build.0 = Release|x64
		{48E1A0D1-B88B-4DA2-AA0B-4946673B1E40}.Release|x86.ActiveCfg = Release|Win32
		{48E1A0D1-B88B-4DA2-AA0B-4946673B1E40}.Release|x86.Build.0 = Release|Win32
		{4ADE8377-D628-4A59-8326-1DED4F1CB23E}.Debug|x64.ActiveCfg = Debug|x64
		{4ADE8377-D628-4A59-8326-1DED4F1CB23E}.Debug|x64.Build.0 = Debug|x64
		{4ADE8377-D628-4A59-8326-1DED4F1CB23E}.Debug|x86.ActiveCfg = Debug|Win32
		{4ADE8377-D628-4A59-8326-1DED4F1CB23E}.Debug|x86.Build.0 = Debug|Win32
		{4ADE8377-D628-4A59-8326-1DED4F1CB23E}.Release|x64.ActiveCfg = Release|x64
		{4ADE8377-D628-4A59-8326-1DED4F1CB23E}.Release|x64.Build.0 = Release|x64
		{4ADE8377-D628-4A59-8326-1DED4F1CB23E}.Release|x86.ActiveCfg = Release|Win32
		{4ADE8377-D628-4A59-8326-1DED4F1CB23E}.Release|x86.Build.0 = Release|Win32
		{DF9880D0-F0FC-4BBD-A73B-267E24A47456}.Debug|x64.ActiveCfg = Debug|x64
		{DF9880D0-F0FC-4BBD-A73B-267E24A47456}.Debug|x64.Build.0 = Debug|x64
		{DF9880D0-F0FC-4BBD-A73B-267E24A47456}.Debug|x86.ActiveCfg = Debug|Win32
		{DF9880D0-F0FC-4BBD-A73B-267E24A47456}.Debug|x86.Build.0 = Debug|Win32
		{DF9880D0-F0FC-4BBD-A73B-267E24A47456}.Release|x64.ActiveCfg = Release|x64
		{DF9880D0-F0FC-4BBD-A73B-267E24A47456}.Release|x64.Build.0 = Release|x64
		{DF9880D0-F0FC-4BBD-A73B-267E24A47456}.Release|x86.ActiveCfg = Release|Win32
		{DF9880D0-F0FC-4BBD-A73B-267E24A47456}.Release|x86.Build.0 = Release|Win32
		{0239DC0C-4529-4E95-99DA-098AC6ADA1FE}.Debug|x64.ActiveCfg = Debug|x64
		{0239DC0C-4529-4E95-99DA-098AC6ADA1FE}.Debug|x64.Build.0 = Debug|x64
		{0239DC0C-4529-4E95-99DA-098AC6ADA1FE}.Debug|x86.ActiveCfg = Debug|Win32
		{0239DC0C-4529-4E95-99DA-098AC6ADA1FE}.Debug|x86.Build.0 = Debug|Win32
		{0239DC0C-4529-4E95-99DA-098AC6ADA1FE}.Release|x64.ActiveCfg = Release|x64
		{0239DC0C-4529-4E95-99DA-098AC6ADA1FE}.Release|x64.Build.0 = Release|x64
		{0239DC0C-4529-4E95-99DA-098AC6ADA1FE}.Release|x86.ActiveCfg = Release|Win32
		{0239DC0C-4529-4E95-99DA-098AC6ADA1FE}.Release|x86.Build.0 = Release|Win32
		{66957775-541F-458E-AFF1-C0343DC95EA5}.Debug|x64.ActiveCfg = Debug|x64
		{66957775-541F-458E-AFF1-C0343DC95EA5}.Debug|x64.Build.0 = Debug|x64
		{66957775-541F-458E-AFF1-C0343DC95EA5}.Debug|x86.ActiveCfg = Debug|Win32
		{66957775-541F-458E-AFF1-C0343DC95EA5}.Debug|x86.Build.0 = Debug|Win32
		{66957775-541F-458E-AFF1-C0343DC95EA5}.Release|x64.ActiveCfg = Release|x64
		{66957775-541F-458E-AFF1-C0343DC95EA5}.Release|x64.Build.0 = Release|x64
		{66957775-541F-458E-AFF1-C0343DC95EA5}.Release|x86.ActiveCfg = Release|Win32
		{66957775-541F-458E-AFF1-C0343DC95EA5}.Release|x86.Build.0 = Release|Win32
	EndGlobalSection
	GlobalSection(SolutionProperties) = preSolution
		HideSolutionNode = FALSE
	EndGlobalSection
	GlobalSection(ExtensibilityGlobals) = postSolution
		SolutionGuid = {6124EF60-0C0C-45C1-842D-535921AF5CCE}
	EndGlobalSection
EndGlobal
